<?xml version="1.0" encoding="utf-8"?>
<Project ToolsVersion="4.0" xmlns="http://schemas.microsoft.com/developer/msbuild/2003">
  <ItemGroup>
    <Filter Include="소스 파일">
      <UniqueIdentifier>{4FC737F1-C7A5-4376-A066-2A32D752A2FF}</UniqueIdentifier>
      <Extensions>cpp;c;cc;cxx;c++;cppm;ixx;def;odl;idl;hpj;bat;asm;asmx</Extensions>
    </Filter>
    <Filter Include="헤더 파일">
      <UniqueIdentifier>{93995380-89BD-4b04-88EB-625FBE52EBFB}</UniqueIdentifier>
      <Extensions>h;hh;hpp;hxx;h++;hm;inl;inc;ipp;xsd</Extensions>
    </Filter>
    <Filter Include="리소스 파일">
      <UniqueIdentifier>{67DA6AB6-F800-4c08-8B7A-83BB121AAD01}</UniqueIdentifier>
      <Extensions>rc;ico;cur;bmp;dlg;rc2;rct;bin;rgs;gif;jpg;jpeg;jpe;resx;tiff;tif;png;wav;mfcribbon-ms</Extensions>
    </Filter>
    <Filter Include="소스 파일\UserData">
      <UniqueIdentifier>{30969bb6-4cba-440d-ba97-4daa23afca1e}</UniqueIdentifier>
    </Filter>
    <Filter Include="헤더 파일\UserData">
      <UniqueIdentifier>{adf8c243-3700-49cf-9c3d-a2cec9d092ef}</UniqueIdentifier>
    </Filter>
    <Filter Include="헤더 파일\DataBase">
      <UniqueIdentifier>{6e118da0-c02b-448d-b8e6-94c5d4944416}</UniqueIdentifier>
    </Filter>
    <Filter Include="소스 파일\DataBase">
      <UniqueIdentifier>{f3884bce-7695-4a72-927f-84efe62ce68a}</UniqueIdentifier>
    </Filter>
    <Filter Include="소스 파일\Restaurant">
      <UniqueIdentifier>{308bf5bc-89ec-42a2-a9b8-7041aa4acd0e}</UniqueIdentifier>
    </Filter>
    <Filter Include="헤더 파일\Restaurant">
      <UniqueIdentifier>{4fd868c8-1988-4075-8f15-1cf9325cbdcf}</UniqueIdentifier>
    </Filter>
    <Filter Include="헤더 파일\Console">
      <UniqueIdentifier>{fcb26220-0479-487d-8774-7cc1a1b1c352}</UniqueIdentifier>
    </Filter>
    <Filter Include="소스 파일\Console">
      <UniqueIdentifier>{c75260d2-a95f-42b6-bb2b-0510693f3d6b}</UniqueIdentifier>
    </Filter>
    <Filter Include="헤더 파일\TIcket">
      <UniqueIdentifier>{18ed83de-74de-4fa9-b9e2-51ee2f447e98}</UniqueIdentifier>
    </Filter>
    <Filter Include="소스 파일\Ticket">
      <UniqueIdentifier>{36ee3c7c-04a5-4440-ab5a-c9bea4eeba67}</UniqueIdentifier>
    </Filter>
    <Filter Include="헤더 파일\Apart">
      <UniqueIdentifier>{bc48f4ac-ca7e-42ad-a30a-9c674fc371b6}</UniqueIdentifier>
    </Filter>
    <Filter Include="소스 파일\Airport">
      <UniqueIdentifier>{19badd44-36e3-4c66-984d-a06f8e02897e}</UniqueIdentifier>
    </Filter>
    <Filter Include="헤더 파일\Airport">
      <UniqueIdentifier>{3f8eb272-9d64-4099-8102-3dd5ef75d5a5}</UniqueIdentifier>
    </Filter>
    <Filter Include="소스 파일\Apart">
      <UniqueIdentifier>{892c18fd-2a2a-4787-9ed1-fc53600a4337}</UniqueIdentifier>
    </Filter>
  </ItemGroup>
  <ItemGroup>
    <ClCompile Include="main.cpp">
      <Filter>소스 파일</Filter>
    </ClCompile>
    <ClCompile Include="Login.cpp">
      <Filter>소스 파일</Filter>
    </ClCompile>
    <ClCompile Include="UserData.cpp">
      <Filter>소스 파일\UserData</Filter>
    </ClCompile>
    <ClCompile Include="UserData_airport.cpp">
      <Filter>소스 파일\UserData</Filter>
    </ClCompile>
    <ClCompile Include="UserData_apart.cpp">
      <Filter>소스 파일\UserData</Filter>
    </ClCompile>
    <ClCompile Include="UserData_restaurant.cpp">
      <Filter>소스 파일\UserData</Filter>
    </ClCompile>
    <ClCompile Include="DataBase.cpp">
      <Filter>소스 파일\DataBase</Filter>
    </ClCompile>
    <ClCompile Include="Restaruant.cpp">
      <Filter>소스 파일\Restaurant</Filter>
    </ClCompile>
    <ClCompile Include="Schedule_restaurant.cpp">
      <Filter>소스 파일\Restaurant</Filter>
    </ClCompile>
    <ClCompile Include="table.cpp">
      <Filter>소스 파일\Restaurant</Filter>
    </ClCompile>
    <ClCompile Include="Console.cpp">
      <Filter>소스 파일\Console</Filter>
    </ClCompile>
    <ClCompile Include="Console_restaurant.cpp">
      <Filter>소스 파일\Console</Filter>
    </ClCompile>
    <ClCompile Include="System.cpp">
      <Filter>소스 파일</Filter>
    </ClCompile>
    <ClCompile Include="Ticket.cpp">
      <Filter>소스 파일\Ticket</Filter>
    </ClCompile>
    <ClCompile Include="Ticket_restaurant.cpp">
      <Filter>소스 파일\Ticket</Filter>
    </ClCompile>
    <ClCompile Include="Apart.cpp">
      <Filter>소스 파일\Apart</Filter>
    </ClCompile>
    <ClCompile Include="Airport.cpp">
      <Filter>소스 파일\Airport</Filter>
    </ClCompile>
    <ClCompile Include="Airplane.cpp">
      <Filter>소스 파일\Airport</Filter>
    </ClCompile>
    <ClCompile Include="Schedule_airplane.cpp">
      <Filter>소스 파일\Airport</Filter>
    </ClCompile>
    <ClCompile Include="Ticket_airport.cpp">
      <Filter>소스 파일\Ticket</Filter>
    </ClCompile>
    <ClCompile Include="Console_airport.cpp">
      <Filter>소스 파일\Console</Filter>
    </ClCompile>
    <ClCompile Include="Seat.cpp">
      <Filter>소스 파일\Airport</Filter>
    </ClCompile>
    <ClCompile Include="Airplane_date.cpp">
      <Filter>소스 파일\Airport</Filter>
    </ClCompile>
    <ClCompile Include="Console_apart.cpp">
      <Filter>소스 파일\Console</Filter>
    </ClCompile>
    <ClCompile Include="Schedule_StudyRoom.cpp">
      <Filter>소스 파일\Apart</Filter>
    </ClCompile>
    <ClCompile Include="Seat_StudyRoom.cpp">
      <Filter>소스 파일\Apart</Filter>
    </ClCompile>
    <ClCompile Include="Ticket_apart.cpp">
      <Filter>소스 파일\Ticket</Filter>
    </ClCompile>
    <ClCompile Include="StudyRoom_Date.cpp">
      <Filter>소스 파일\Apart</Filter>
    </ClCompile>
  </ItemGroup>
  <ItemGroup>
    <ClInclude Include="Login.h">
      <Filter>헤더 파일</Filter>
    </ClInclude>
    <ClInclude Include="System.h">
      <Filter>헤더 파일</Filter>
    </ClInclude>
    <ClInclude Include="UserData.h">
      <Filter>헤더 파일\UserData</Filter>
    </ClInclude>
    <ClInclude Include="UserData_airport.h">
      <Filter>헤더 파일\UserData</Filter>
    </ClInclude>
    <ClInclude Include="UserData_apart.h">
      <Filter>헤더 파일\UserData</Filter>
    </ClInclude>
    <ClInclude Include="UserData_restaurant.h">
      <Filter>헤더 파일\UserData</Filter>
    </ClInclude>
    <ClInclude Include="DataBase.h">
      <Filter>헤더 파일\DataBase</Filter>
    </ClInclude>
    <ClInclude Include="Restaurant.h">
      <Filter>헤더 파일\Restaurant</Filter>
    </ClInclude>
    <ClInclude Include="Schedule_restaurant.h">
      <Filter>헤더 파일\Restaurant</Filter>
    </ClInclude>
    <ClInclude Include="Table.h">
      <Filter>헤더 파일\Restaurant</Filter>
    </ClInclude>
    <ClInclude Include="Console_restaurant.h">
      <Filter>헤더 파일\Console</Filter>
    </ClInclude>
    <ClInclude Include="Ticket.h">
      <Filter>헤더 파일\TIcket</Filter>
    </ClInclude>
    <ClInclude Include="Ticket_restaurant.h">
      <Filter>헤더 파일\TIcket</Filter>
    </ClInclude>
    <ClInclude Include="Apart.h">
      <Filter>헤더 파일\Apart</Filter>
    </ClInclude>
    <ClInclude Include="Airport.h">
      <Filter>헤더 파일\Airport</Filter>
    </ClInclude>
    <ClInclude Include="Airplane.h">
      <Filter>헤더 파일\Airport</Filter>
    </ClInclude>
    <ClInclude Include="Schedule_airplane.h">
      <Filter>헤더 파일\Airport</Filter>
    </ClInclude>
    <ClInclude Include="Ticket_airport.h">
      <Filter>헤더 파일\TIcket</Filter>
    </ClInclude>
    <ClInclude Include="Console_airport.h">
      <Filter>헤더 파일\Console</Filter>
    </ClInclude>
    <ClInclude Include="Seat.h">
      <Filter>헤더 파일\Airport</Filter>
    </ClInclude>
    <ClInclude Include="Airplane_date.h">
      <Filter>헤더 파일\Airport</Filter>
    </ClInclude>
    <ClInclude Include="Console.h">
      <Filter>헤더 파일\Console</Filter>
    </ClInclude>
    <ClInclude Include="Console_apart.h">
      <Filter>헤더 파일\Console</Filter>
    </ClInclude>
    <ClInclude Include="StudyRoom_Date.h">
      <Filter>헤더 파일\Apart</Filter>
    </ClInclude>
    <ClInclude Include="Schedule_StudyRoom.h">
      <Filter>헤더 파일\Apart</Filter>
    </ClInclude>
    <ClInclude Include="Seat_StudyRoom.h">
      <Filter>헤더 파일\Apart</Filter>
    </ClInclude>
    <ClInclude Include="Ticket_apart.h">
      <Filter>헤더 파일\TIcket</Filter>
    </ClInclude>
  </ItemGroup>
</Project>